
Microsoft Visual Studio Solution File, Format Version 12.00
# Visual Studio Version 17
VisualStudioVersion = 17.4.33213.308
MinimumVisualStudioVersion = 10.0.40219.1
Project("{FAE04EC0-301F-11D3-BF4B-00C04F79EFBC}") = "GameOnix_Bot", "GameOnix_Bot\GameOnix_Bot.csproj", "{5B0FC376-73CA-410D-BF3C-09276B1FFA01}"
EndProject
Global
	GlobalSection(SolutionConfigurationPlatforms) = preSolution
		Debug|Any CPU = Debug|Any CPU
		Release|Any CPU = Release|Any CPU
	EndGlobalSection
	GlobalSection(ProjectConfigurationPlatforms) = postSolution
		{5B0FC376-73CA-410D-BF3C-09276B1FFA01}.Debug|Any CPU.ActiveCfg = Debug|Any CPU
		{5B0FC376-73CA-410D-BF3C-09276B1FFA01}.Debug|Any CPU.Build.0 = Debug|Any CPU
		{5B0FC376-73CA-410D-BF3C-09276B1FFA01}.Release|Any CPU.ActiveCfg = Release|Any CPU
		{5B0FC376-73CA-410D-BF3C-09276B1FFA01}.Release|Any CPU.Build.0 = Release|Any CPU
	EndGlobalSection
	GlobalSection(SolutionProperties) = preSolution
		HideSolutionNode = FALSE
	EndGlobalSection
	GlobalSection(ExtensibilityGlobals) = postSolution
		SolutionGuid = {528B216F-BE47-4DBA-9E84-C7E7F9880396}
	EndGlobalSection
EndGlobal
